
Microsoft Visual Studio Solution File, Format Version 12.00
# Visual Studio 15
VisualStudioVersion = 15.0.28307.271
MinimumVisualStudioVersion = 10.0.40219.1
Project("{8BC9CEB8-8B4A-11D0-8D11-00A0C91BC942}") = "Score_Search", "Score_Search\Score_Search.vcxproj", "{FBCB856E-350F-4CAA-BB4C-444E26D61AE5}"
EndProject
Global
	GlobalSection(SolutionConfigurationPlatforms) = preSolution
		Debug|x64 = Debug|x64
		Debug|x86 = Debug|x86
		Release|x64 = Release|x64
		Release|x86 = Release|x86
	EndGlobalSection
	GlobalSection(ProjectConfigurationPlatforms) = postSolution
		{FBCB856E-350F-4CAA-BB4C-444E26D61AE5}.Debug|x64.ActiveCfg = Debug|x64
		{FBCB856E-350F-4CAA-BB4C-444E26D61AE5}.Debug|x64.Build.0 = Debug|x64
		{FBCB856E-350F-4CAA-BB4C-444E26D61AE5}.Debug|x86.ActiveCfg = Debug|Win32
		{FBCB856E-350F-4CAA-BB4C-444E26D61AE5}.Debug|x86.Build.0 = Debug|Win32
		{FBCB856E-350F-4CAA-BB4C-444E26D61AE5}.Release|x64.ActiveCfg = Release|x64
		{FBCB856E-350F-4CAA-BB4C-444E26D61AE5}.Release|x64.Build.0 = Release|x64
		{FBCB856E-350F-4CAA-BB4C-444E26D61AE5}.Release|x86.ActiveCfg = Release|Win32
		{FBCB856E-350F-4CAA-BB4C-444E26D61AE5}.Release|x86.Build.0 = Release|Win32
	EndGlobalSection
	GlobalSection(SolutionProperties) = preSolution
		HideSolutionNode = FALSE
	EndGlobalSection
	GlobalSection(ExtensibilityGlobals) = postSolution
		SolutionGuid = {0D1BFC8C-C3AC-4E5D-B72A-35EDDBD682D4}
	EndGlobalSection
EndGlobal
